{
  "name": "signer",
  "version": "1.0.0",
  "lockfileVersion": 1,
  "requires": true,
  "dependencies": {
    "@babel/runtime": {
      "version": "7.15.4",
      "resolved": "https://registry.nlark.com/@babel/runtime/download/@babel/runtime-7.15.4.tgz?cache=0&sync_timestamp=1630618785994&other_urls=https%3A%2F%2Fregistry.nlark.com%2F%40babel%2Fruntime%2Fdownload%2F%40babel%2Fruntime-7.15.4.tgz",
      "integrity": "sha1-/RfRa/34eObdAtGXU6OfqKjZyEo=",
      "requires": {
        "regenerator-runtime": "^0.13.4"
      }
    },
    "@polkadot/extension-dapp": {
      "version": "0.40.3",
      "resolved": "https://registry.npmmirror.com/@polkadot/extension-dapp/download/@polkadot/extension-dapp-0.40.3.tgz",
      "integrity": "sha1-P6S/hASS7IFKKryqNAQSTAbcWKs=",
      "requires": {
        "@babel/runtime": "^7.15.4",
        "@polkadot/extension-inject": "^0.40.3",
        "@polkadot/util": "^7.4.1",
        "@polkadot/util-crypto": "^7.4.1"
      }
    },
    "@polkadot/extension-inject": {
      "version": "0.40.3",
      "resolved": "https://registry.npmmirror.com/@polkadot/extension-inject/download/@polkadot/extension-inject-0.40.3.tgz",
      "integrity": "sha1-mFiJmdzu8DrL9okaxB2w9p+tHdM=",
      "requires": {
        "@babel/runtime": "^7.15.4"
      }
    },
    "@polkadot/networks": {
      "version": "7.4.1",
      "resolved": "https://registry.npmmirror.com/@polkadot/networks/download/@polkadot/networks-7.4.1.tgz",
      "integrity": "sha1-ArShoVnmS5CgjQ86AgaFi2SEajs=",
      "requires": {
        "@babel/runtime": "^7.15.4"
      }
    },
    "@polkadot/util": {
      "version": "7.4.1",
      "resolved": "https://registry.npmmirror.com/@polkadot/util/download/@polkadot/util-7.4.1.tgz",
      "integrity": "sha1-9aqbYOXKXFuPDRiL63y9R91sQEE=",
      "requires": {
        "@babel/runtime": "^7.15.4",
        "@polkadot/x-textdecoder": "7.4.1",
        "@polkadot/x-textencoder": "7.4.1",
        "@types/bn.js": "^4.11.6",
        "bn.js": "^4.12.0",
        "camelcase": "^6.2.0",
        "ip-regex": "^4.3.0"
      }
    },
    "@polkadot/util-crypto": {
      "version": "7.4.1",
      "resolved": "https://registry.npmmirror.com/@polkadot/util-crypto/download/@polkadot/util-crypto-7.4.1.tgz",
      "integrity": "sha1-dnYN+ZXp/rfe72nYXKtsE+nOuXc=",
      "requires": {
        "@babel/runtime": "^7.15.4",
        "@polkadot/networks": "7.4.1",
        "@polkadot/util": "7.4.1",
        "@polkadot/wasm-crypto": "^4.2.1",
        "@polkadot/x-randomvalues": "7.4.1",
        "base-x": "^3.0.8",
        "base64-js": "^1.5.1",
        "blakejs": "^1.1.1",
        "bn.js": "^4.12.0",
        "create-hash": "^1.2.0",
        "ed2curve": "^0.3.0",
        "elliptic": "^6.5.4",
        "hash.js": "^1.1.7",
        "js-sha3": "^0.8.0",
        "scryptsy": "^2.1.0",
        "tweetnacl": "^1.0.3",
        "xxhashjs": "^0.2.2"
      }
    },
    "@polkadot/wasm-crypto": {
      "version": "4.2.1",
      "resolved": "https://registry.npmmirror.com/@polkadot/wasm-crypto/download/@polkadot/wasm-crypto-4.2.1.tgz",
      "integrity": "sha1-TQlAL1rHGpCWL7WMvksXB3cqT7Y=",
      "requires": {
        "@babel/runtime": "^7.15.3",
        "@polkadot/wasm-crypto-asmjs": "^4.2.1",
        "@polkadot/wasm-crypto-wasm": "^4.2.1"
      }
    },
    "@polkadot/wasm-crypto-asmjs": {
      "version": "4.2.1",
      "resolved": "https://registry.npmmirror.com/@polkadot/wasm-crypto-asmjs/download/@polkadot/wasm-crypto-asmjs-4.2.1.tgz?cache=0&sync_timestamp=1632722437196&other_urls=https%3A%2F%2Fregistry.npmmirror.com%2F%40polkadot%2Fwasm-crypto-asmjs%2Fdownload%2F%40polkadot%2Fwasm-crypto-asmjs-4.2.1.tgz",
      "integrity": "sha1-a36uHAEXCfgELf0whypfxengIcA=",
      "requires": {
        "@babel/runtime": "^7.15.3"
      }
    },
    "@polkadot/wasm-crypto-wasm": {
      "version": "4.2.1",
      "resolved": "https://registry.npmmirror.com/@polkadot/wasm-crypto-wasm/download/@polkadot/wasm-crypto-wasm-4.2.1.tgz",
      "integrity": "sha1-Kob5tAXnGVw/UjeYxs5K//0Zc34=",
      "requires": {
        "@babel/runtime": "^7.15.3"
      }
    },
    "@polkadot/x-global": {
      "version": "7.4.1",
      "resolved": "https://registry.npmmirror.com/@polkadot/x-global/download/@polkadot/x-global-7.4.1.tgz",
      "integrity": "sha1-Zvf4pdAgiDJ3OkYGxW0Q55J1Uvw=",
      "requires": {
        "@babel/runtime": "^7.15.4"
      }
    },
    "@polkadot/x-randomvalues": {
      "version": "7.4.1",
      "resolved": "https://registry.npmmirror.com/@polkadot/x-randomvalues/download/@polkadot/x-randomvalues-7.4.1.tgz",
      "integrity": "sha1-5I1sf6hp9fhxstGKqLhkyYAumus=",
      "requires": {
        "@babel/runtime": "^7.15.4",
        "@polkadot/x-global": "7.4.1"
      }
    },
    "@polkadot/x-textdecoder": {
      "version": "7.4.1",
      "resolved": "https://registry.npmmirror.com/@polkadot/x-textdecoder/download/@polkadot/x-textdecoder-7.4.1.tgz",
      "integrity": "sha1-4OC8N11ap/rYkpp+ocJ5iExXrSY=",
      "requires": {
        "@babel/runtime": "^7.15.4",
        "@polkadot/x-global": "7.4.1"
      }
    },
    "@polkadot/x-textencoder": {
      "version": "7.4.1",
      "resolved": "https://registry.npmmirror.com/@polkadot/x-textencoder/download/@polkadot/x-textencoder-7.4.1.tgz",
      "integrity": "sha1-BBEhPGqz9vgK8HT0ntEhdMPih3U=",
      "requires": {
        "@babel/runtime": "^7.15.4",
        "@polkadot/x-global": "7.4.1"
      }
    },
    "@types/bn.js": {
      "version": "4.11.6",
      "resolved": "https://registry.nlark.com/@types/bn.js/download/@types/bn.js-4.11.6.tgz",
      "integrity": "sha1-wwbHDZNYquozzU7aCSp0K5UFlnw=",
      "requires": {
        "@types/node": "*"
      }
    },
    "@types/node": {
      "version": "16.11.0",
      "resolved": "https://registry.npmmirror.com/@types/node/download/@types/node-16.11.0.tgz",
      "integrity": "sha1-S5XyMnus0e+PCNjO2hkwOcXX9S4="
    },
    "base-x": {
      "version": "3.0.8",
      "resolved": "https://registry.npm.taobao.org/base-x/download/base-x-3.0.8.tgz",
      "integrity": "sha1-HhEGwlN/AWLotSR0pVfrsJAAAY0=",
      "requires": {
        "safe-buffer": "^5.0.1"
      }
    },
    "base64-js": {
      "version": "1.5.1",
      "resolved": "https://registry.npm.taobao.org/base64-js/download/base64-js-1.5.1.tgz",
      "integrity": "sha1-GxtEAWClv3rUC2UPCVljSBkDkwo="
    },
    "blakejs": {
      "version": "1.1.1",
      "resolved": "https://registry.nlark.com/blakejs/download/blakejs-1.1.1.tgz?cache=0&sync_timestamp=1624607951017&other_urls=https%3A%2F%2Fregistry.nlark.com%2Fblakejs%2Fdownload%2Fblakejs-1.1.1.tgz",
      "integrity": "sha1-vzEwU5eLLNTERKSHlXEL4Fx4VwI="
    },
    "bn.js": {
      "version": "4.12.0",
      "resolved": "https://registry.npm.taobao.org/bn.js/download/bn.js-4.12.0.tgz",
      "integrity": "sha1-d1s/J477uXGO7HNh9IP7Nvu/6og="
    },
    "brorand": {
      "version": "1.1.0",
      "resolved": "https://registry.npm.taobao.org/brorand/download/brorand-1.1.0.tgz",
      "integrity": "sha1-EsJe/kCkXjwyPrhnWgoM5XsiNx8="
    },
    "camelcase": {
      "version": "6.2.0",
      "resolved": "https://registry.npm.taobao.org/camelcase/download/camelcase-6.2.0.tgz",
      "integrity": "sha1-kkr4gcnVJaydh/QNlk5c6pgqGAk="
    },
    "cipher-base": {
      "version": "1.0.4",
      "resolved": "https://registry.npm.taobao.org/cipher-base/download/cipher-base-1.0.4.tgz",
      "integrity": "sha1-h2Dk7MJy9MNjUy+SbYdKriwTl94=",
      "requires": {
        "inherits": "^2.0.1",
        "safe-buffer": "^5.0.1"
      }
    },
    "create-hash": {
      "version": "1.2.0",
      "resolved": "https://registry.npm.taobao.org/create-hash/download/create-hash-1.2.0.tgz",
      "integrity": "sha1-iJB4rxGmN1a8+1m9IhmWvjqe8ZY=",
      "requires": {
        "cipher-base": "^1.0.1",
        "inherits": "^2.0.1",
        "md5.js": "^1.3.4",
        "ripemd160": "^2.0.1",
        "sha.js": "^2.4.0"
      }
    },
    "cuint": {
      "version": "0.2.2",
      "resolved": "https://registry.npm.taobao.org/cuint/download/cuint-0.2.2.tgz",
      "integrity": "sha1-QICG1AlVDCYxFVYZ6fp7ytw7mRs="
    },
    "ed2curve": {
      "version": "0.3.0",
      "resolved": "https://registry.nlark.com/ed2curve/download/ed2curve-0.3.0.tgz",
      "integrity": "sha1-MitXUVKkUwVCnVRrBxgjqTEpoF0=",
      "requires": {
        "tweetnacl": "1.x.x"
      }
    },
    "elliptic": {
      "version": "6.5.4",
      "resolved": "https://registry.npm.taobao.org/elliptic/download/elliptic-6.5.4.tgz?cache=0&sync_timestamp=1612290637117&other_urls=https%3A%2F%2Fregistry.npm.taobao.org%2Felliptic%2Fdownload%2Felliptic-6.5.4.tgz",
      "integrity": "sha1-2jfOvTHnmhNn6UG1ku0fvr1Yq7s=",
      "requires": {
        "bn.js": "^4.11.9",
        "brorand": "^1.1.0",
        "hash.js": "^1.0.0",
        "hmac-drbg": "^1.0.1",
        "inherits": "^2.0.4",
        "minimalistic-assert": "^1.0.1",
        "minimalistic-crypto-utils": "^1.0.1"
      }
    },
    "hash-base": {
      "version": "3.1.0",
      "resolved": "https://registry.npm.taobao.org/hash-base/download/hash-base-3.1.0.tgz",
      "integrity": "sha1-VcOB2eBuHSmXqIO0o/3f5/DTrzM=",
      "requires": {
        "inherits": "^2.0.4",
        "readable-stream": "^3.6.0",
        "safe-buffer": "^5.2.0"
      }
    },
    "hash.js": {
      "version": "1.1.7",
      "resolved": "https://registry.npm.taobao.org/hash.js/download/hash.js-1.1.7.tgz",
      "integrity": "sha1-C6vKU46NTuSg+JiNaIZlN6ADz0I=",
      "requires": {
        "inherits": "^2.0.3",
        "minimalistic-assert": "^1.0.1"
      }
    },
    "hmac-drbg": {
      "version": "1.0.1",
      "resolved": "https://registry.npm.taobao.org/hmac-drbg/download/hmac-drbg-1.0.1.tgz",
      "integrity": "sha1-0nRXAQJabHdabFRXk+1QL8DGSaE=",
      "requires": {
        "hash.js": "^1.0.3",
        "minimalistic-assert": "^1.0.0",
        "minimalistic-crypto-utils": "^1.0.1"
      }
    },
    "inherits": {
      "version": "2.0.4",
      "resolved": "https://registry.npm.taobao.org/inherits/download/inherits-2.0.4.tgz",
      "integrity": "sha1-D6LGT5MpF8NDOg3tVTY6rjdBa3w="
    },
    "ip-regex": {
      "version": "4.3.0",
      "resolved": "https://registry.npm.taobao.org/ip-regex/download/ip-regex-4.3.0.tgz?cache=0&sync_timestamp=1611327032630&other_urls=https%3A%2F%2Fregistry.npm.taobao.org%2Fip-regex%2Fdownload%2Fip-regex-4.3.0.tgz",
      "integrity": "sha1-aHJ1qw9X+naXj/j03dyKI9WZDbU="
    },
    "js-sha3": {
      "version": "0.8.0",
      "resolved": "https://registry.npm.taobao.org/js-sha3/download/js-sha3-0.8.0.tgz",
      "integrity": "sha1-ubel2nOvrX3t0PjEY5VMveaBiEA="
    },
    "md5.js": {
      "version": "1.3.5",
      "resolved": "https://registry.npm.taobao.org/md5.js/download/md5.js-1.3.5.tgz",
      "integrity": "sha1-tdB7jjIW4+J81yjXL3DR5qNCAF8=",
      "requires": {
        "hash-base": "^3.0.0",
        "inherits": "^2.0.1",
        "safe-buffer": "^5.1.2"
      }
    },
    "minimalistic-assert": {
      "version": "1.0.1",
      "resolved": "https://registry.npm.taobao.org/minimalistic-assert/download/minimalistic-assert-1.0.1.tgz",
      "integrity": "sha1-LhlN4ERibUoQ5/f7wAznPoPk1cc="
    },
    "minimalistic-crypto-utils": {
      "version": "1.0.1",
      "resolved": "https://registry.npm.taobao.org/minimalistic-crypto-utils/download/minimalistic-crypto-utils-1.0.1.tgz",
      "integrity": "sha1-9sAMHAsIIkblxNmd+4x8CDsrWCo="
    },
    "readable-stream": {
      "version": "3.6.0",
      "resolved": "https://registry.npm.taobao.org/readable-stream/download/readable-stream-3.6.0.tgz",
      "integrity": "sha1-M3u9o63AcGvT4CRCaihtS0sskZg=",
      "requires": {
        "inherits": "^2.0.3",
        "string_decoder": "^1.1.1",
        "util-deprecate": "^1.0.1"
      }
    },
    "regenerator-runtime": {
      "version": "0.13.9",
      "resolved": "https://registry.nlark.com/regenerator-runtime/download/regenerator-runtime-0.13.9.tgz?cache=0&sync_timestamp=1626993001371&other_urls=https%3A%2F%2Fregistry.nlark.com%2Fregenerator-runtime%2Fdownload%2Fregenerator-runtime-0.13.9.tgz",
      "integrity": "sha1-iSV0Kpj/2QgUmI11Zq0wyjsmO1I="
    },
    "ripemd160": {
      "version": "2.0.2",
      "resolved": "https://registry.npm.taobao.org/ripemd160/download/ripemd160-2.0.2.tgz",
      "integrity": "sha1-ocGm9iR1FXe6XQeRTLyShQWFiQw=",
      "requires": {
        "hash-base": "^3.0.0",
        "inherits": "^2.0.1"
      }
    },
    "safe-buffer": {
      "version": "5.2.1",
      "resolved": "https://registry.npm.taobao.org/safe-buffer/download/safe-buffer-5.2.1.tgz",
      "integrity": "sha1-Hq+fqb2x/dTsdfWPnNtOa3gn7sY="
    },
    "scryptsy": {
      "version": "2.1.0",
      "resolved": "https://registry.nlark.com/scryptsy/download/scryptsy-2.1.0.tgz?cache=0&sync_timestamp=1624607953167&other_urls=https%3A%2F%2Fregistry.nlark.com%2Fscryptsy%2Fdownload%2Fscryptsy-2.1.0.tgz",
      "integrity": "sha1-jR6NDAJbWP3SW2+poNyQXuj6p5A="
    },
    "sha.js": {
      "version": "2.4.11",
      "resolved": "https://registry.npm.taobao.org/sha.js/download/sha.js-2.4.11.tgz",
      "integrity": "sha1-N6XPC4HsvGlD3hCbopYNGyZYSuc=",
      "requires": {
        "inherits": "^2.0.1",
        "safe-buffer": "^5.0.1"
      }
    },
    "string_decoder": {
      "version": "1.3.0",
      "resolved": "https://registry.npm.taobao.org/string_decoder/download/string_decoder-1.3.0.tgz",
      "integrity": "sha1-QvEUWUpGzxqOMLCoT1bHjD7awh4=",
      "requires": {
        "safe-buffer": "~5.2.0"
      }
    },
    "tweetnacl": {
      "version": "1.0.3",
      "resolved": "https://registry.npm.taobao.org/tweetnacl/download/tweetnacl-1.0.3.tgz",
      "integrity": "sha1-rAr3FoBFjYpjeNDQ0FCrFAfTVZY="
    },
    "util-deprecate": {
      "version": "1.0.2",
      "resolved": "https://registry.npm.taobao.org/util-deprecate/download/util-deprecate-1.0.2.tgz",
      "integrity": "sha1-RQ1Nyfpw3nMnYvvS1KKJgUGaDM8="
    },
    "xxhashjs": {
      "version": "0.2.2",
      "resolved": "https://registry.nlark.com/xxhashjs/download/xxhashjs-0.2.2.tgz?cache=0&sync_timestamp=1624607954808&other_urls=https%3A%2F%2Fregistry.nlark.com%2Fxxhashjs%2Fdownload%2Fxxhashjs-0.2.2.tgz",
      "integrity": "sha1-imJRVnYhocRqWuIE2gJJx/jKqdg=",
      "requires": {
        "cuint": "^0.2.2"
      }
    }
  }
}
